// !$*UTF8*$!
{
	archiveVersion = 1;
	classes = {
	};
	objectVersion = 56;
	objects = {

/* Begin PBXBuildFile section */
		A46A654B299F2D510013FE1C /* AppDelegate.swift in Sources */ = {isa = PBXBuildFile; fileRef = A46A654A299F2D510013FE1C /* AppDelegate.swift */; };
		A46A654D299F2D510013FE1C /* SceneDelegate.swift in Sources */ = {isa = PBXBuildFile; fileRef = A46A654C299F2D510013FE1C /* SceneDelegate.swift */; };
		A46A6554299F2D530013FE1C /* Assets.xcassets in Resources */ = {isa = PBXBuildFile; fileRef = A46A6553299F2D530013FE1C /* Assets.xcassets */; };
		A46A6557299F2D530013FE1C /* LaunchScreen.storyboard in Resources */ = {isa = PBXBuildFile; fileRef = A46A6555299F2D530013FE1C /* LaunchScreen.storyboard */; };
		A46A6562299F2D530013FE1C /* MySweetMovieTests.swift in Sources */ = {isa = PBXBuildFile; fileRef = A46A6561299F2D530013FE1C /* MySweetMovieTests.swift */; };
		A46A656C299F2D530013FE1C /* MySweetMovieUITests.swift in Sources */ = {isa = PBXBuildFile; fileRef = A46A656B299F2D530013FE1C /* MySweetMovieUITests.swift */; };
		A46A656E299F2D530013FE1C /* MySweetMovieUITestsLaunchTests.swift in Sources */ = {isa = PBXBuildFile; fileRef = A46A656D299F2D530013FE1C /* MySweetMovieUITestsLaunchTests.swift */; };
		A46A657C299F2E040013FE1C /* SwiftUIExtension in Frameworks */ = {isa = PBXBuildFile; productRef = A46A657B299F2E040013FE1C /* SwiftUIExtension */; };
		A46A657F299F2E160013FE1C /* IosUtilities in Frameworks */ = {isa = PBXBuildFile; productRef = A46A657E299F2E160013FE1C /* IosUtilities */; };
		A46A6582299F2E2C0013FE1C /* UnderlyingViewForSwiftUI in Frameworks */ = {isa = PBXBuildFile; productRef = A46A6581299F2E2C0013FE1C /* UnderlyingViewForSwiftUI */; };
		A46A6585299F2E320013FE1C /* Domain.framework in Frameworks */ = {isa = PBXBuildFile; fileRef = A46A6584299F2E320013FE1C /* Domain.framework */; };
		A46A6586299F2E320013FE1C /* Domain.framework in Embed Frameworks */ = {isa = PBXBuildFile; fileRef = A46A6584299F2E320013FE1C /* Domain.framework */; settings = {ATTRIBUTES = (CodeSignOnCopy, RemoveHeadersOnCopy, ); }; };
		A46A6589299F2E350013FE1C /* Platform.framework in Frameworks */ = {isa = PBXBuildFile; fileRef = A46A6588299F2E350013FE1C /* Platform.framework */; };
		A46A658A299F2E350013FE1C /* Platform.framework in Embed Frameworks */ = {isa = PBXBuildFile; fileRef = A46A6588299F2E350013FE1C /* Platform.framework */; settings = {ATTRIBUTES = (CodeSignOnCopy, RemoveHeadersOnCopy, ); }; };
		A46A6592299F2F470013FE1C /* BaseViewController.swift in Sources */ = {isa = PBXBuildFile; fileRef = A46A6590299F2F470013FE1C /* BaseViewController.swift */; };
		A46A6593299F2F470013FE1C /* BaseNavigator.swift in Sources */ = {isa = PBXBuildFile; fileRef = A46A6591299F2F470013FE1C /* BaseNavigator.swift */; };
		A46A659A299F2FB30013FE1C /* AuthenticationModifier.swift in Sources */ = {isa = PBXBuildFile; fileRef = A46A6598299F2FB30013FE1C /* AuthenticationModifier.swift */; };
		A46A659B299F2FB30013FE1C /* ViewDidLoadModifier.swift in Sources */ = {isa = PBXBuildFile; fileRef = A46A6599299F2FB30013FE1C /* ViewDidLoadModifier.swift */; };
		A46A65A1299F2FCC0013FE1C /* UIViewController+Extension.swift in Sources */ = {isa = PBXBuildFile; fileRef = A46A659D299F2FCC0013FE1C /* UIViewController+Extension.swift */; };
		A46A65A2299F2FCC0013FE1C /* String+Extension.swift in Sources */ = {isa = PBXBuildFile; fileRef = A46A659E299F2FCC0013FE1C /* String+Extension.swift */; };
		A46A65A3299F2FCC0013FE1C /* Color+Extension.swift in Sources */ = {isa = PBXBuildFile; fileRef = A46A659F299F2FCC0013FE1C /* Color+Extension.swift */; };
		A46A65A4299F2FCC0013FE1C /* View+Extension.swift in Sources */ = {isa = PBXBuildFile; fileRef = A46A65A0299F2FCC0013FE1C /* View+Extension.swift */; };
		A46A65A8299F2FD70013FE1C /* BiometricAuthenticationManager.swift in Sources */ = {isa = PBXBuildFile; fileRef = A46A65A6299F2FD70013FE1C /* BiometricAuthenticationManager.swift */; };
		A46A65A9299F2FD70013FE1C /* InternetManager.swift in Sources */ = {isa = PBXBuildFile; fileRef = A46A65A7299F2FD70013FE1C /* InternetManager.swift */; };
		A46A65AB299F2FEE0013FE1C /* Settings.swift in Sources */ = {isa = PBXBuildFile; fileRef = A46A65AA299F2FEE0013FE1C /* Settings.swift */; };
		A46A65B0299F30240013FE1C /* AppNavigator.swift in Sources */ = {isa = PBXBuildFile; fileRef = A46A65AE299F30240013FE1C /* AppNavigator.swift */; };
		A46A65B1299F30240013FE1C /* Application.swift in Sources */ = {isa = PBXBuildFile; fileRef = A46A65AF299F30240013FE1C /* Application.swift */; };
		A46A65B3299F30540013FE1C /* OnBoardingView.swift in Sources */ = {isa = PBXBuildFile; fileRef = A46A65B2299F30540013FE1C /* OnBoardingView.swift */; };
		A46A65B8299F30B60013FE1C /* LockView.swift in Sources */ = {isa = PBXBuildFile; fileRef = A46A65B7299F30B60013FE1C /* LockView.swift */; };
		A46A65DB299F33F00013FE1C /* Localizable.strings in Resources */ = {isa = PBXBuildFile; fileRef = A46A65DD299F33F00013FE1C /* Localizable.strings */; };
		A46A65E4299F61F60013FE1C /* SettingScreen.swift in Sources */ = {isa = PBXBuildFile; fileRef = A46A65E3299F61F60013FE1C /* SettingScreen.swift */; };
		A46A65F3299F6F0E0013FE1C /* GenresManager.swift in Sources */ = {isa = PBXBuildFile; fileRef = A46A65F2299F6F0E0013FE1C /* GenresManager.swift */; };
/* End PBXBuildFile section */

/* Begin PBXContainerItemProxy section */
		A46A655E299F2D530013FE1C /* PBXContainerItemProxy */ = {
			isa = PBXContainerItemProxy;
			containerPortal = A46A653F299F2D510013FE1C /* Project object */;
			proxyType = 1;
			remoteGlobalIDString = A46A6546299F2D510013FE1C;
			remoteInfo = MySweetMovie;
		};
		A46A6568299F2D530013FE1C /* PBXContainerItemProxy */ = {
			isa = PBXContainerItemProxy;
			containerPortal = A46A653F299F2D510013FE1C /* Project object */;
			proxyType = 1;
			remoteGlobalIDString = A46A6546299F2D510013FE1C;
			remoteInfo = MySweetMovie;
		};
/* End PBXContainerItemProxy section */

/* Begin PBXCopyFilesBuildPhase section */
		A46A6587299F2E320013FE1C /* Embed Frameworks */ = {
			isa = PBXCopyFilesBuildPhase;
			buildActionMask = 2147483647;
			dstPath = "";
			dstSubfolderSpec = 10;
			files = (
				A46A6586299F2E320013FE1C /* Domain.framework in Embed Frameworks */,
				A46A658A299F2E350013FE1C /* Platform.framework in Embed Frameworks */,
			);
			name = "Embed Frameworks";
			runOnlyForDeploymentPostprocessing = 0;
		};
/* End PBXCopyFilesBuildPhase section */

/* Begin PBXFileReference section */
		A46A6547299F2D510013FE1C /* MySweetMovie.app */ = {isa = PBXFileReference; explicitFileType = wrapper.application; includeInIndex = 0; path = MySweetMovie.app; sourceTree = BUILT_PRODUCTS_DIR; };
		A46A654A299F2D510013FE1C /* AppDelegate.swift */ = {isa = PBXFileReference; lastKnownFileType = sourcecode.swift; path = AppDelegate.swift; sourceTree = "<group>"; };
		A46A654C299F2D510013FE1C /* SceneDelegate.swift */ = {isa = PBXFileReference; lastKnownFileType = sourcecode.swift; path = SceneDelegate.swift; sourceTree = "<group>"; };
		A46A6553299F2D530013FE1C /* Assets.xcassets */ = {isa = PBXFileReference; lastKnownFileType = folder.assetcatalog; path = Assets.xcassets; sourceTree = "<group>"; };
		A46A6556299F2D530013FE1C /* Base */ = {isa = PBXFileReference; lastKnownFileType = file.storyboard; name = Base; path = Base.lproj/LaunchScreen.storyboard; sourceTree = "<group>"; };
		A46A6558299F2D530013FE1C /* Info.plist */ = {isa = PBXFileReference; lastKnownFileType = text.plist.xml; path = Info.plist; sourceTree = "<group>"; };
		A46A655D299F2D530013FE1C /* MySweetMovieTests.xctest */ = {isa = PBXFileReference; explicitFileType = wrapper.cfbundle; includeInIndex = 0; path = MySweetMovieTests.xctest; sourceTree = BUILT_PRODUCTS_DIR; };
		A46A6561299F2D530013FE1C /* MySweetMovieTests.swift */ = {isa = PBXFileReference; lastKnownFileType = sourcecode.swift; path = MySweetMovieTests.swift; sourceTree = "<group>"; };
		A46A6567299F2D530013FE1C /* MySweetMovieUITests.xctest */ = {isa = PBXFileReference; explicitFileType = wrapper.cfbundle; includeInIndex = 0; path = MySweetMovieUITests.xctest; sourceTree = BUILT_PRODUCTS_DIR; };
		A46A656B299F2D530013FE1C /* MySweetMovieUITests.swift */ = {isa = PBXFileReference; lastKnownFileType = sourcecode.swift; path = MySweetMovieUITests.swift; sourceTree = "<group>"; };
		A46A656D299F2D530013FE1C /* MySweetMovieUITestsLaunchTests.swift */ = {isa = PBXFileReference; lastKnownFileType = sourcecode.swift; path = MySweetMovieUITestsLaunchTests.swift; sourceTree = "<group>"; };
		A46A6584299F2E320013FE1C /* Domain.framework */ = {isa = PBXFileReference; explicitFileType = wrapper.framework; path = Domain.framework; sourceTree = BUILT_PRODUCTS_DIR; };
		A46A6588299F2E350013FE1C /* Platform.framework */ = {isa = PBXFileReference; explicitFileType = wrapper.framework; path = Platform.framework; sourceTree = BUILT_PRODUCTS_DIR; };
		A46A6590299F2F470013FE1C /* BaseViewController.swift */ = {isa = PBXFileReference; fileEncoding = 4; lastKnownFileType = sourcecode.swift; path = BaseViewController.swift; sourceTree = "<group>"; };
		A46A6591299F2F470013FE1C /* BaseNavigator.swift */ = {isa = PBXFileReference; fileEncoding = 4; lastKnownFileType = sourcecode.swift; path = BaseNavigator.swift; sourceTree = "<group>"; };
		A46A6598299F2FB30013FE1C /* AuthenticationModifier.swift */ = {isa = PBXFileReference; fileEncoding = 4; lastKnownFileType = sourcecode.swift; path = AuthenticationModifier.swift; sourceTree = "<group>"; };
		A46A6599299F2FB30013FE1C /* ViewDidLoadModifier.swift */ = {isa = PBXFileReference; fileEncoding = 4; lastKnownFileType = sourcecode.swift; path = ViewDidLoadModifier.swift; sourceTree = "<group>"; };
		A46A659D299F2FCC0013FE1C /* UIViewController+Extension.swift */ = {isa = PBXFileReference; fileEncoding = 4; lastKnownFileType = sourcecode.swift; path = "UIViewController+Extension.swift"; sourceTree = "<group>"; };
		A46A659E299F2FCC0013FE1C /* String+Extension.swift */ = {isa = PBXFileReference; fileEncoding = 4; lastKnownFileType = sourcecode.swift; path = "String+Extension.swift"; sourceTree = "<group>"; };
		A46A659F299F2FCC0013FE1C /* Color+Extension.swift */ = {isa = PBXFileReference; fileEncoding = 4; lastKnownFileType = sourcecode.swift; path = "Color+Extension.swift"; sourceTree = "<group>"; };
		A46A65A0299F2FCC0013FE1C /* View+Extension.swift */ = {isa = PBXFileReference; fileEncoding = 4; lastKnownFileType = sourcecode.swift; path = "View+Extension.swift"; sourceTree = "<group>"; };
		A46A65A6299F2FD70013FE1C /* BiometricAuthenticationManager.swift */ = {isa = PBXFileReference; fileEncoding = 4; lastKnownFileType = sourcecode.swift; path = BiometricAuthenticationManager.swift; sourceTree = "<group>"; };
		A46A65A7299F2FD70013FE1C /* InternetManager.swift */ = {isa = PBXFileReference; fileEncoding = 4; lastKnownFileType = sourcecode.swift; path = InternetManager.swift; sourceTree = "<group>"; };
		A46A65AA299F2FEE0013FE1C /* Settings.swift */ = {isa = PBXFileReference; fileEncoding = 4; lastKnownFileType = sourcecode.swift; path = Settings.swift; sourceTree = "<group>"; };
		A46A65AE299F30240013FE1C /* AppNavigator.swift */ = {isa = PBXFileReference; fileEncoding = 4; lastKnownFileType = sourcecode.swift; path = AppNavigator.swift; sourceTree = "<group>"; };
		A46A65AF299F30240013FE1C /* Application.swift */ = {isa = PBXFileReference; fileEncoding = 4; lastKnownFileType = sourcecode.swift; path = Application.swift; sourceTree = "<group>"; };
		A46A65B2299F30540013FE1C /* OnBoardingView.swift */ = {isa = PBXFileReference; fileEncoding = 4; lastKnownFileType = sourcecode.swift; path = OnBoardingView.swift; sourceTree = "<group>"; };
		A46A65B7299F30B60013FE1C /* LockView.swift */ = {isa = PBXFileReference; fileEncoding = 4; lastKnownFileType = sourcecode.swift; path = LockView.swift; sourceTree = "<group>"; };
		A46A65DA299F33E00013FE1C /* vi */ = {isa = PBXFileReference; lastKnownFileType = text.plist.strings; name = vi; path = vi.lproj/LaunchScreen.strings; sourceTree = "<group>"; };
		A46A65DC299F33F00013FE1C /* en */ = {isa = PBXFileReference; lastKnownFileType = text.plist.strings; name = en; path = en.lproj/Localizable.strings; sourceTree = "<group>"; };
		A46A65DE299F33F30013FE1C /* vi */ = {isa = PBXFileReference; lastKnownFileType = text.plist.strings; name = vi; path = vi.lproj/Localizable.strings; sourceTree = "<group>"; };
		A46A65E3299F61F60013FE1C /* SettingScreen.swift */ = {isa = PBXFileReference; lastKnownFileType = sourcecode.swift; path = SettingScreen.swift; sourceTree = "<group>"; };
		A46A65F2299F6F0E0013FE1C /* GenresManager.swift */ = {isa = PBXFileReference; lastKnownFileType = sourcecode.swift; path = GenresManager.swift; sourceTree = "<group>"; };
/* End PBXFileReference section */

/* Begin PBXFrameworksBuildPhase section */
		A46A6544299F2D510013FE1C /* Frameworks */ = {
			isa = PBXFrameworksBuildPhase;
			buildActionMask = 2147483647;
			files = (
				A46A6585299F2E320013FE1C /* Domain.framework in Frameworks */,
				A46A6589299F2E350013FE1C /* Platform.framework in Frameworks */,
				A46A657C299F2E040013FE1C /* SwiftUIExtension in Frameworks */,
				A46A6582299F2E2C0013FE1C /* UnderlyingViewForSwiftUI in Frameworks */,
				A46A657F299F2E160013FE1C /* IosUtilities in Frameworks */,
			);
			runOnlyForDeploymentPostprocessing = 0;
		};
		A46A655A299F2D530013FE1C /* Frameworks */ = {
			isa = PBXFrameworksBuildPhase;
			buildActionMask = 2147483647;
			files = (
			);
			runOnlyForDeploymentPostprocessing = 0;
		};
		A46A6564299F2D530013FE1C /* Frameworks */ = {
			isa = PBXFrameworksBuildPhase;
			buildActionMask = 2147483647;
			files = (
			);
			runOnlyForDeploymentPostprocessing = 0;
		};
/* End PBXFrameworksBuildPhase section */

/* Begin PBXGroup section */
		A46A653E299F2D510013FE1C = {
			isa = PBXGroup;
			children = (
				A46A6549299F2D510013FE1C /* MySweetMovie */,
				A46A6560299F2D530013FE1C /* MySweetMovieTests */,
				A46A656A299F2D530013FE1C /* MySweetMovieUITests */,
				A46A6548299F2D510013FE1C /* Products */,
				A46A6583299F2E320013FE1C /* Frameworks */,
			);
			sourceTree = "<group>";
		};
		A46A6548299F2D510013FE1C /* Products */ = {
			isa = PBXGroup;
			children = (
				A46A6547299F2D510013FE1C /* MySweetMovie.app */,
				A46A655D299F2D530013FE1C /* MySweetMovieTests.xctest */,
				A46A6567299F2D530013FE1C /* MySweetMovieUITests.xctest */,
			);
			name = Products;
			sourceTree = "<group>";
		};
		A46A6549299F2D510013FE1C /* MySweetMovie */ = {
			isa = PBXGroup;
			children = (
				A46A65D6299F32700013FE1C /* Presentation */,
				A46A6596299F2F9C0013FE1C /* Utilities */,
				A46A658D299F2ED40013FE1C /* App */,
				A46A6594299F2F670013FE1C /* Resource */,
				A46A658F299F2F470013FE1C /* Base */,
			);
			path = MySweetMovie;
			sourceTree = "<group>";
		};
		A46A6560299F2D530013FE1C /* MySweetMovieTests */ = {
			isa = PBXGroup;
			children = (
				A46A6561299F2D530013FE1C /* MySweetMovieTests.swift */,
			);
			path = MySweetMovieTests;
			sourceTree = "<group>";
		};
		A46A656A299F2D530013FE1C /* MySweetMovieUITests */ = {
			isa = PBXGroup;
			children = (
				A46A656B299F2D530013FE1C /* MySweetMovieUITests.swift */,
				A46A656D299F2D530013FE1C /* MySweetMovieUITestsLaunchTests.swift */,
			);
			path = MySweetMovieUITests;
			sourceTree = "<group>";
		};
		A46A6583299F2E320013FE1C /* Frameworks */ = {
			isa = PBXGroup;
			children = (
				A46A6588299F2E350013FE1C /* Platform.framework */,
				A46A6584299F2E320013FE1C /* Domain.framework */,
			);
			name = Frameworks;
			sourceTree = "<group>";
		};
		A46A658B299F2EAA0013FE1C /* Screen */ = {
			isa = PBXGroup;
			children = (
				A46A65E2299F61EA0013FE1C /* Setting */,
				A46A65B4299F30580013FE1C /* OnBoarding */,
				A46A658C299F2EBE0013FE1C /* Launch */,
			);
			path = Screen;
			sourceTree = "<group>";
		};
		A46A658C299F2EBE0013FE1C /* Launch */ = {
			isa = PBXGroup;
			children = (
				A46A6555299F2D530013FE1C /* LaunchScreen.storyboard */,
			);
			path = Launch;
			sourceTree = "<group>";
		};
		A46A658D299F2ED40013FE1C /* App */ = {
			isa = PBXGroup;
			children = (
				A46A65AD299F30240013FE1C /* Application */,
				A46A658E299F2ED90013FE1C /* Delegate */,
				A46A65A5299F2FD70013FE1C /* Environment */,
				A46A6558299F2D530013FE1C /* Info.plist */,
			);
			path = App;
			sourceTree = "<group>";
		};
		A46A658E299F2ED90013FE1C /* Delegate */ = {
			isa = PBXGroup;
			children = (
				A46A654A299F2D510013FE1C /* AppDelegate.swift */,
				A46A654C299F2D510013FE1C /* SceneDelegate.swift */,
			);
			path = Delegate;
			sourceTree = "<group>";
		};
		A46A658F299F2F470013FE1C /* Base */ = {
			isa = PBXGroup;
			children = (
				A46A6590299F2F470013FE1C /* BaseViewController.swift */,
				A46A6591299F2F470013FE1C /* BaseNavigator.swift */,
			);
			path = Base;
			sourceTree = "<group>";
		};
		A46A6594299F2F670013FE1C /* Resource */ = {
			isa = PBXGroup;
			children = (
				A46A65D7299F32880013FE1C /* Language */,
				A46A6595299F2F6E0013FE1C /* Image */,
			);
			path = Resource;
			sourceTree = "<group>";
		};
		A46A6595299F2F6E0013FE1C /* Image */ = {
			isa = PBXGroup;
			children = (
				A46A6553299F2D530013FE1C /* Assets.xcassets */,
			);
			path = Image;
			sourceTree = "<group>";
		};
		A46A6596299F2F9C0013FE1C /* Utilities */ = {
			isa = PBXGroup;
			children = (
				A46A65AC299F2FF30013FE1C /* Settings */,
				A46A659C299F2FCC0013FE1C /* Extension */,
			);
			path = Utilities;
			sourceTree = "<group>";
		};
		A46A6597299F2FB30013FE1C /* ViewModifier */ = {
			isa = PBXGroup;
			children = (
				A46A6598299F2FB30013FE1C /* AuthenticationModifier.swift */,
				A46A6599299F2FB30013FE1C /* ViewDidLoadModifier.swift */,
			);
			path = ViewModifier;
			sourceTree = "<group>";
		};
		A46A659C299F2FCC0013FE1C /* Extension */ = {
			isa = PBXGroup;
			children = (
				A46A659D299F2FCC0013FE1C /* UIViewController+Extension.swift */,
				A46A659E299F2FCC0013FE1C /* String+Extension.swift */,
				A46A659F299F2FCC0013FE1C /* Color+Extension.swift */,
				A46A65A0299F2FCC0013FE1C /* View+Extension.swift */,
			);
			path = Extension;
			sourceTree = "<group>";
		};
		A46A65A5299F2FD70013FE1C /* Environment */ = {
			isa = PBXGroup;
			children = (
				A46A65A6299F2FD70013FE1C /* BiometricAuthenticationManager.swift */,
				A46A65A7299F2FD70013FE1C /* InternetManager.swift */,
				A46A65F2299F6F0E0013FE1C /* GenresManager.swift */,
			);
			path = Environment;
			sourceTree = "<group>";
		};
		A46A65AC299F2FF30013FE1C /* Settings */ = {
			isa = PBXGroup;
			children = (
				A46A65AA299F2FEE0013FE1C /* Settings.swift */,
			);
			path = Settings;
			sourceTree = "<group>";
		};
		A46A65AD299F30240013FE1C /* Application */ = {
			isa = PBXGroup;
			children = (
				A46A65AE299F30240013FE1C /* AppNavigator.swift */,
				A46A65AF299F30240013FE1C /* Application.swift */,
			);
			path = Application;
			sourceTree = "<group>";
		};
		A46A65B4299F30580013FE1C /* OnBoarding */ = {
			isa = PBXGroup;
			children = (
				A46A65B2299F30540013FE1C /* OnBoardingView.swift */,
			);
			path = OnBoarding;
			sourceTree = "<group>";
		};
		A46A65B5299F30B60013FE1C /* View */ = {
			isa = PBXGroup;
			children = (
				A46A65B6299F30B60013FE1C /* LockView */,
			);
			path = View;
			sourceTree = "<group>";
		};
		A46A65B6299F30B60013FE1C /* LockView */ = {
			isa = PBXGroup;
			children = (
				A46A65B7299F30B60013FE1C /* LockView.swift */,
			);
			path = LockView;
			sourceTree = "<group>";
		};
		A46A65D6299F32700013FE1C /* Presentation */ = {
			isa = PBXGroup;
			children = (
				A46A6597299F2FB30013FE1C /* ViewModifier */,
				A46A65B5299F30B60013FE1C /* View */,
				A46A658B299F2EAA0013FE1C /* Screen */,
			);
			path = Presentation;
			sourceTree = "<group>";
		};
		A46A65D7299F32880013FE1C /* Language */ = {
			isa = PBXGroup;
			children = (
				A46A65DD299F33F00013FE1C /* Localizable.strings */,
			);
			path = Language;
			sourceTree = "<group>";
		};
		A46A65E2299F61EA0013FE1C /* Setting */ = {
			isa = PBXGroup;
			children = (
				A46A65E3299F61F60013FE1C /* SettingScreen.swift */,
			);
			path = Setting;
			sourceTree = "<group>";
		};
/* End PBXGroup section */

/* Begin PBXNativeTarget section */
		A46A6546299F2D510013FE1C /* MySweetMovie */ = {
			isa = PBXNativeTarget;
			buildConfigurationList = A46A6571299F2D530013FE1C /* Build configuration list for PBXNativeTarget "MySweetMovie" */;
			buildPhases = (
				A46A6543299F2D510013FE1C /* Sources */,
				A46A6544299F2D510013FE1C /* Frameworks */,
				A46A6545299F2D510013FE1C /* Resources */,
				A46A6587299F2E320013FE1C /* Embed Frameworks */,
			);
			buildRules = (
			);
			dependencies = (
			);
			name = MySweetMovie;
			packageProductDependencies = (
				A46A657B299F2E040013FE1C /* SwiftUIExtension */,
				A46A657E299F2E160013FE1C /* IosUtilities */,
				A46A6581299F2E2C0013FE1C /* UnderlyingViewForSwiftUI */,
			);
			productName = MySweetMovie;
			productReference = A46A6547299F2D510013FE1C /* MySweetMovie.app */;
			productType = "com.apple.product-type.application";
		};
		A46A655C299F2D530013FE1C /* MySweetMovieTests */ = {
			isa = PBXNativeTarget;
			buildConfigurationList = A46A6574299F2D530013FE1C /* Build configuration list for PBXNativeTarget "MySweetMovieTests" */;
			buildPhases = (
				A46A6559299F2D530013FE1C /* Sources */,
				A46A655A299F2D530013FE1C /* Frameworks */,
				A46A655B299F2D530013FE1C /* Resources */,
			);
			buildRules = (
			);
			dependencies = (
				A46A655F299F2D530013FE1C /* PBXTargetDependency */,
			);
			name = MySweetMovieTests;
			productName = MySweetMovieTests;
			productReference = A46A655D299F2D530013FE1C /* MySweetMovieTests.xctest */;
			productType = "com.apple.product-type.bundle.unit-test";
		};
		A46A6566299F2D530013FE1C /* MySweetMovieUITests */ = {
			isa = PBXNativeTarget;
			buildConfigurationList = A46A6577299F2D530013FE1C /* Build configuration list for PBXNativeTarget "MySweetMovieUITests" */;
			buildPhases = (
				A46A6563299F2D530013FE1C /* Sources */,
				A46A6564299F2D530013FE1C /* Frameworks */,
				A46A6565299F2D530013FE1C /* Resources */,
			);
			buildRules = (
			);
			dependencies = (
				A46A6569299F2D530013FE1C /* PBXTargetDependency */,
			);
			name = MySweetMovieUITests;
			productName = MySweetMovieUITests;
			productReference = A46A6567299F2D530013FE1C /* MySweetMovieUITests.xctest */;
			productType = "com.apple.product-type.bundle.ui-testing";
		};
/* End PBXNativeTarget section */

/* Begin PBXProject section */
		A46A653F299F2D510013FE1C /* Project object */ = {
			isa = PBXProject;
			attributes = {
				BuildIndependentTargetsInParallel = 1;
				LastSwiftUpdateCheck = 1400;
				LastUpgradeCheck = 1400;
				TargetAttributes = {
					A46A6546299F2D510013FE1C = {
						CreatedOnToolsVersion = 14.0;
					};
					A46A655C299F2D530013FE1C = {
						CreatedOnToolsVersion = 14.0;
						TestTargetID = A46A6546299F2D510013FE1C;
					};
					A46A6566299F2D530013FE1C = {
						CreatedOnToolsVersion = 14.0;
						TestTargetID = A46A6546299F2D510013FE1C;
					};
				};
			};
			buildConfigurationList = A46A6542299F2D510013FE1C /* Build configuration list for PBXProject "MySweetMovie" */;
			compatibilityVersion = "Xcode 14.0";
			developmentRegion = en;
			hasScannedForEncodings = 0;
			knownRegions = (
				en,
				Base,
				vi,
			);
			mainGroup = A46A653E299F2D510013FE1C;
			packageReferences = (
				A46A657A299F2E040013FE1C /* XCRemoteSwiftPackageReference "SwiftUIExtension" */,
				A46A657D299F2E160013FE1C /* XCRemoteSwiftPackageReference "SwiftUtilities" */,
				A46A6580299F2E2C0013FE1C /* XCRemoteSwiftPackageReference "UnderlyingViewForSwiftUI" */,
			);
			productRefGroup = A46A6548299F2D510013FE1C /* Products */;
			projectDirPath = "";
			projectRoot = "";
			targets = (
				A46A6546299F2D510013FE1C /* MySweetMovie */,
				A46A655C299F2D530013FE1C /* MySweetMovieTests */,
				A46A6566299F2D530013FE1C /* MySweetMovieUITests */,
			);
		};
/* End PBXProject section */

/* Begin PBXResourcesBuildPhase section */
		A46A6545299F2D510013FE1C /* Resources */ = {
			isa = PBXResourcesBuildPhase;
			buildActionMask = 2147483647;
			files = (
				A46A6557299F2D530013FE1C /* LaunchScreen.storyboard in Resources */,
				A46A65DB299F33F00013FE1C /* Localizable.strings in Resources */,
				A46A6554299F2D530013FE1C /* Assets.xcassets in Resources */,
			);
			runOnlyForDeploymentPostprocessing = 0;
		};
		A46A655B299F2D530013FE1C /* Resources */ = {
			isa = PBXResourcesBuildPhase;
			buildActionMask = 2147483647;
			files = (
			);
			runOnlyForDeploymentPostprocessing = 0;
		};
		A46A6565299F2D530013FE1C /* Resources */ = {
			isa = PBXResourcesBuildPhase;
			buildActionMask = 2147483647;
			files = (
			);
			runOnlyForDeploymentPostprocessing = 0;
		};
/* End PBXResourcesBuildPhase section */

/* Begin PBXSourcesBuildPhase section */
		A46A6543299F2D510013FE1C /* Sources */ = {
			isa = PBXSourcesBuildPhase;
			buildActionMask = 2147483647;
			files = (
				A46A65B1299F30240013FE1C /* Application.swift in Sources */,
				A46A65A1299F2FCC0013FE1C /* UIViewController+Extension.swift in Sources */,
				A46A65A3299F2FCC0013FE1C /* Color+Extension.swift in Sources */,
				A46A65A2299F2FCC0013FE1C /* String+Extension.swift in Sources */,
				A46A65A9299F2FD70013FE1C /* InternetManager.swift in Sources */,
				A46A65B8299F30B60013FE1C /* LockView.swift in Sources */,
				A46A65AB299F2FEE0013FE1C /* Settings.swift in Sources */,
				A46A65A8299F2FD70013FE1C /* BiometricAuthenticationManager.swift in Sources */,
				A46A6592299F2F470013FE1C /* BaseViewController.swift in Sources */,
				A46A65B3299F30540013FE1C /* OnBoardingView.swift in Sources */,
				A46A65B0299F30240013FE1C /* AppNavigator.swift in Sources */,
				A46A659B299F2FB30013FE1C /* ViewDidLoadModifier.swift in Sources */,
				A46A654B299F2D510013FE1C /* AppDelegate.swift in Sources */,
				A46A65A4299F2FCC0013FE1C /* View+Extension.swift in Sources */,
				A46A654D299F2D510013FE1C /* SceneDelegate.swift in Sources */,
				A46A659A299F2FB30013FE1C /* AuthenticationModifier.swift in Sources */,
				A46A6593299F2F470013FE1C /* BaseNavigator.swift in Sources */,
				A46A65F3299F6F0E0013FE1C /* GenresManager.swift in Sources */,
				A46A65E4299F61F60013FE1C /* SettingScreen.swift in Sources */,
			);
			runOnlyForDeploymentPostprocessing = 0;
		};
		A46A6559299F2D530013FE1C /* Sources */ = {
			isa = PBXSourcesBuildPhase;
			buildActionMask = 2147483647;
			files = (
				A46A6562299F2D530013FE1C /* MySweetMovieTests.swift in Sources */,
			);
			runOnlyForDeploymentPostprocessing = 0;
		};
		A46A6563299F2D530013FE1C /* Sources */ = {
			isa = PBXSourcesBuildPhase;
			buildActionMask = 2147483647;
			files = (
				A46A656E299F2D530013FE1C /* MySweetMovieUITestsLaunchTests.swift in Sources */,
				A46A656C299F2D530013FE1C /* MySweetMovieUITests.swift in Sources */,
			);
			runOnlyForDeploymentPostprocessing = 0;
		};
/* End PBXSourcesBuildPhase section */

/* Begin PBXTargetDependency section */
		A46A655F299F2D530013FE1C /* PBXTargetDependency */ = {
			isa = PBXTargetDependency;
			target = A46A6546299F2D510013FE1C /* MySweetMovie */;
			targetProxy = A46A655E299F2D530013FE1C /* PBXContainerItemProxy */;
		};
		A46A6569299F2D530013FE1C /* PBXTargetDependency */ = {
			isa = PBXTargetDependency;
			target = A46A6546299F2D510013FE1C /* MySweetMovie */;
			targetProxy = A46A6568299F2D530013FE1C /* PBXContainerItemProxy */;
		};
/* End PBXTargetDependency section */

/* Begin PBXVariantGroup section */
		A46A6555299F2D530013FE1C /* LaunchScreen.storyboard */ = {
			isa = PBXVariantGroup;
			children = (
				A46A6556299F2D530013FE1C /* Base */,
				A46A65DA299F33E00013FE1C /* vi */,
			);
			name = LaunchScreen.storyboard;
			sourceTree = "<group>";
		};
		A46A65DD299F33F00013FE1C /* Localizable.strings */ = {
			isa = PBXVariantGroup;
			children = (
				A46A65DC299F33F00013FE1C /* en */,
				A46A65DE299F33F30013FE1C /* vi */,
			);
			name = Localizable.strings;
			sourceTree = "<group>";
		};
/* End PBXVariantGroup section */

/* Begin XCBuildConfiguration section */
		A46A656F299F2D530013FE1C /* Debug */ = {
			isa = XCBuildConfiguration;
			buildSettings = {
				ALWAYS_SEARCH_USER_PATHS = NO;
				CLANG_ANALYZER_LOCALIZABILITY_NONLOCALIZED = YES;
				CLANG_ANALYZER_NONNULL = YES;
				CLANG_ANALYZER_NUMBER_OBJECT_CONVERSION = YES_AGGRESSIVE;
				CLANG_CXX_LANGUAGE_STANDARD = "gnu++20";
				CLANG_ENABLE_MODULES = YES;
				CLANG_ENABLE_OBJC_ARC = YES;
				CLANG_ENABLE_OBJC_WEAK = YES;
				CLANG_WARN_BLOCK_CAPTURE_AUTORELEASING = YES;
				CLANG_WARN_BOOL_CONVERSION = YES;
				CLANG_WARN_COMMA = YES;
				CLANG_WARN_CONSTANT_CONVERSION = YES;
				CLANG_WARN_DEPRECATED_OBJC_IMPLEMENTATIONS = YES;
				CLANG_WARN_DIRECT_OBJC_ISA_USAGE = YES_ERROR;
				CLANG_WARN_DOCUMENTATION_COMMENTS = YES;
				CLANG_WARN_EMPTY_BODY = YES;
				CLANG_WARN_ENUM_CONVERSION = YES;
				CLANG_WARN_INFINITE_RECURSION = YES;
				CLANG_WARN_INT_CONVERSION = YES;
				CLANG_WARN_NON_LITERAL_NULL_CONVERSION = YES;
				CLANG_WARN_OBJC_IMPLICIT_RETAIN_SELF = YES;
				CLANG_WARN_OBJC_LITERAL_CONVERSION = YES;
				CLANG_WARN_OBJC_ROOT_CLASS = YES_ERROR;
				CLANG_WARN_QUOTED_INCLUDE_IN_FRAMEWORK_HEADER = YES;
				CLANG_WARN_RANGE_LOOP_ANALYSIS = YES;
				CLANG_WARN_STRICT_PROTOTYPES = YES;
				CLANG_WARN_SUSPICIOUS_MOVE = YES;
				CLANG_WARN_UNGUARDED_AVAILABILITY = YES_AGGRESSIVE;
				CLANG_WARN_UNREACHABLE_CODE = YES;
				CLANG_WARN__DUPLICATE_METHOD_MATCH = YES;
				COPY_PHASE_STRIP = NO;
				DEBUG_INFORMATION_FORMAT = dwarf;
				ENABLE_STRICT_OBJC_MSGSEND = YES;
				ENABLE_TESTABILITY = YES;
				GCC_C_LANGUAGE_STANDARD = gnu11;
				GCC_DYNAMIC_NO_PIC = NO;
				GCC_NO_COMMON_BLOCKS = YES;
				GCC_OPTIMIZATION_LEVEL = 0;
				GCC_PREPROCESSOR_DEFINITIONS = (
					"DEBUG=1",
					"$(inherited)",
				);
				GCC_WARN_64_TO_32_BIT_CONVERSION = YES;
				GCC_WARN_ABOUT_RETURN_TYPE = YES_ERROR;
				GCC_WARN_UNDECLARED_SELECTOR = YES;
				GCC_WARN_UNINITIALIZED_AUTOS = YES_AGGRESSIVE;
				GCC_WARN_UNUSED_FUNCTION = YES;
				GCC_WARN_UNUSED_VARIABLE = YES;
				IPHONEOS_DEPLOYMENT_TARGET = 16.0;
				MTL_ENABLE_DEBUG_INFO = INCLUDE_SOURCE;
				MTL_FAST_MATH = YES;
				ONLY_ACTIVE_ARCH = YES;
				SDKROOT = iphoneos;
				SWIFT_ACTIVE_COMPILATION_CONDITIONS = DEBUG;
				SWIFT_OPTIMIZATION_LEVEL = "-Onone";
			};
			name = Debug;
		};
		A46A6570299F2D530013FE1C /* Release */ = {
			isa = XCBuildConfiguration;
			buildSettings = {
				ALWAYS_SEARCH_USER_PATHS = NO;
				CLANG_ANALYZER_LOCALIZABILITY_NONLOCALIZED = YES;
				CLANG_ANALYZER_NONNULL = YES;
				CLANG_ANALYZER_NUMBER_OBJECT_CONVERSION = YES_AGGRESSIVE;
				CLANG_CXX_LANGUAGE_STANDARD = "gnu++20";
				CLANG_ENABLE_MODULES = YES;
				CLANG_ENABLE_OBJC_ARC = YES;
				CLANG_ENABLE_OBJC_WEAK = YES;
				CLANG_WARN_BLOCK_CAPTURE_AUTORELEASING = YES;
				CLANG_WARN_BOOL_CONVERSION = YES;
				CLANG_WARN_COMMA = YES;
				CLANG_WARN_CONSTANT_CONVERSION = YES;
				CLANG_WARN_DEPRECATED_OBJC_IMPLEMENTATIONS = YES;
				CLANG_WARN_DIRECT_OBJC_ISA_USAGE = YES_ERROR;
				CLANG_WARN_DOCUMENTATION_COMMENTS = YES;
				CLANG_WARN_EMPTY_BODY = YES;
				CLANG_WARN_ENUM_CONVERSION = YES;
				CLANG_WARN_INFINITE_RECURSION = YES;
				CLANG_WARN_INT_CONVERSION = YES;
				CLANG_WARN_NON_LITERAL_NULL_CONVERSION = YES;
				CLANG_WARN_OBJC_IMPLICIT_RETAIN_SELF = YES;
				CLANG_WARN_OBJC_LITERAL_CONVERSION = YES;
				CLANG_WARN_OBJC_ROOT_CLASS = YES_ERROR;
				CLANG_WARN_QUOTED_INCLUDE_IN_FRAMEWORK_HEADER = YES;
				CLANG_WARN_RANGE_LOOP_ANALYSIS = YES;
				CLANG_WARN_STRICT_PROTOTYPES = YES;
				CLANG_WARN_SUSPICIOUS_MOVE = YES;
				CLANG_WARN_UNGUARDED_AVAILABILITY = YES_AGGRESSIVE;
				CLANG_WARN_UNREACHABLE_CODE = YES;
				CLANG_WARN__DUPLICATE_METHOD_MATCH = YES;
				COPY_PHASE_STRIP = NO;
				DEBUG_INFORMATION_FORMAT = "dwarf-with-dsym";
				ENABLE_NS_ASSERTIONS = NO;
				ENABLE_STRICT_OBJC_MSGSEND = YES;
				GCC_C_LANGUAGE_STANDARD = gnu11;
				GCC_NO_COMMON_BLOCKS = YES;
				GCC_WARN_64_TO_32_BIT_CONVERSION = YES;
				GCC_WARN_ABOUT_RETURN_TYPE = YES_ERROR;
				GCC_WARN_UNDECLARED_SELECTOR = YES;
				GCC_WARN_UNINITIALIZED_AUTOS = YES_AGGRESSIVE;
				GCC_WARN_UNUSED_FUNCTION = YES;
				GCC_WARN_UNUSED_VARIABLE = YES;
				IPHONEOS_DEPLOYMENT_TARGET = 16.0;
				MTL_ENABLE_DEBUG_INFO = NO;
				MTL_FAST_MATH = YES;
				SDKROOT = iphoneos;
				SWIFT_COMPILATION_MODE = wholemodule;
				SWIFT_OPTIMIZATION_LEVEL = "-O";
				VALIDATE_PRODUCT = YES;
			};
			name = Release;
		};
		A46A6572299F2D530013FE1C /* Debug */ = {
			isa = XCBuildConfiguration;
			buildSettings = {
				ASSETCATALOG_COMPILER_APPICON_NAME = AppIcon;
				ASSETCATALOG_COMPILER_GLOBAL_ACCENT_COLOR_NAME = AccentColor;
				CODE_SIGN_STYLE = Automatic;
				CURRENT_PROJECT_VERSION = 1;
				DEVELOPMENT_TEAM = J243X8N8UC;
				GENERATE_INFOPLIST_FILE = YES;
				INFOPLIST_FILE = MySweetMovie/App/Info.plist;
				INFOPLIST_KEY_UIApplicationSupportsIndirectInputEvents = YES;
				INFOPLIST_KEY_UILaunchStoryboardName = LaunchScreen;
				INFOPLIST_KEY_UISupportedInterfaceOrientations_iPad = "UIInterfaceOrientationPortrait UIInterfaceOrientationPortraitUpsideDown UIInterfaceOrientationLandscapeLeft UIInterfaceOrientationLandscapeRight";
				INFOPLIST_KEY_UISupportedInterfaceOrientations_iPhone = "UIInterfaceOrientationPortrait UIInterfaceOrientationLandscapeLeft UIInterfaceOrientationLandscapeRight";
				LD_RUNPATH_SEARCH_PATHS = (
					"$(inherited)",
					"@executable_path/Frameworks",
				);
				MARKETING_VERSION = 1.0;
				PRODUCT_BUNDLE_IDENTIFIER = com.tribq.MySweetMovie;
				PRODUCT_NAME = "$(TARGET_NAME)";
				SWIFT_EMIT_LOC_STRINGS = YES;
				SWIFT_VERSION = 5.0;
				TARGETED_DEVICE_FAMILY = "1,2";
			};
			name = Debug;
		};
		A46A6573299F2D530013FE1C /* Release */ = {
			isa = XCBuildConfiguration;
			buildSettings = {
				ASSETCATALOG_COMPILER_APPICON_NAME = AppIcon;
				ASSETCATALOG_COMPILER_GLOBAL_ACCENT_COLOR_NAME = AccentColor;
				CODE_SIGN_STYLE = Automatic;
				CURRENT_PROJECT_VERSION = 1;
				DEVELOPMENT_TEAM = J243X8N8UC;
				GENERATE_INFOPLIST_FILE = YES;
				INFOPLIST_FILE = MySweetMovie/App/Info.plist;
				INFOPLIST_KEY_UIApplicationSupportsIndirectInputEvents = YES;
				INFOPLIST_KEY_UILaunchStoryboardName = LaunchScreen;
				INFOPLIST_KEY_UISupportedInterfaceOrientations_iPad = "UIInterfaceOrientationPortrait UIInterfaceOrientationPortraitUpsideDown UIInterfaceOrientationLandscapeLeft UIInterfaceOrientationLandscapeRight";
				INFOPLIST_KEY_UISupportedInterfaceOrientations_iPhone = "UIInterfaceOrientationPortrait UIInterfaceOrientationLandscapeLeft UIInterfaceOrientationLandscapeRight";
				LD_RUNPATH_SEARCH_PATHS = (
					"$(inherited)",
					"@executable_path/Frameworks",
				);
				MARKETING_VERSION = 1.0;
				PRODUCT_BUNDLE_IDENTIFIER = com.tribq.MySweetMovie;
				PRODUCT_NAME = "$(TARGET_NAME)";
				SWIFT_EMIT_LOC_STRINGS = YES;
				SWIFT_VERSION = 5.0;
				TARGETED_DEVICE_FAMILY = "1,2";
			};
			name = Release;
		};
		A46A6575299F2D530013FE1C /* Debug */ = {
			isa = XCBuildConfiguration;
			buildSettings = {
				ALWAYS_EMBED_SWIFT_STANDARD_LIBRARIES = YES;
				BUNDLE_LOADER = "$(TEST_HOST)";
				CODE_SIGN_STYLE = Automatic;
				CURRENT_PROJECT_VERSION = 1;
				DEVELOPMENT_TEAM = J243X8N8UC;
				GENERATE_INFOPLIST_FILE = YES;
				IPHONEOS_DEPLOYMENT_TARGET = 16.0;
				MARKETING_VERSION = 1.0;
				PRODUCT_BUNDLE_IDENTIFIER = com.tribq.MySweetMovieTests;
				PRODUCT_NAME = "$(TARGET_NAME)";
				SWIFT_EMIT_LOC_STRINGS = NO;
				SWIFT_VERSION = 5.0;
				TARGETED_DEVICE_FAMILY = "1,2";
				TEST_HOST = "$(BUILT_PRODUCTS_DIR)/MySweetMovie.app/$(BUNDLE_EXECUTABLE_FOLDER_PATH)/MySweetMovie";
			};
			name = Debug;
		};
		A46A6576299F2D530013FE1C /* Release */ = {
			isa = XCBuildConfiguration;
			buildSettings = {
				ALWAYS_EMBED_SWIFT_STANDARD_LIBRARIES = YES;
				BUNDLE_LOADER = "$(TEST_HOST)";
				CODE_SIGN_STYLE = Automatic;
				CURRENT_PROJECT_VERSION = 1;
				DEVELOPMENT_TEAM = J243X8N8UC;
				GENERATE_INFOPLIST_FILE = YES;
				IPHONEOS_DEPLOYMENT_TARGET = 16.0;
				MARKETING_VERSION = 1.0;
				PRODUCT_BUNDLE_IDENTIFIER = com.tribq.MySweetMovieTests;
				PRODUCT_NAME = "$(TARGET_NAME)";
				SWIFT_EMIT_LOC_STRINGS = NO;
				SWIFT_VERSION = 5.0;
				TARGETED_DEVICE_FAMILY = "1,2";
				TEST_HOST = "$(BUILT_PRODUCTS_DIR)/MySweetMovie.app/$(BUNDLE_EXECUTABLE_FOLDER_PATH)/MySweetMovie";
			};
			name = Release;
		};
		A46A6578299F2D530013FE1C /* Debug */ = {
			isa = XCBuildConfiguration;
			buildSettings = {
				ALWAYS_EMBED_SWIFT_STANDARD_LIBRARIES = YES;
				CODE_SIGN_STYLE = Automatic;
				CURRENT_PROJECT_VERSION = 1;
				DEVELOPMENT_TEAM = J243X8N8UC;
				GENERATE_INFOPLIST_FILE = YES;
				MARKETING_VERSION = 1.0;
				PRODUCT_BUNDLE_IDENTIFIER = com.tribq.MySweetMovieUITests;
				PRODUCT_NAME = "$(TARGET_NAME)";
				SWIFT_EMIT_LOC_STRINGS = NO;
				SWIFT_VERSION = 5.0;
				TARGETED_DEVICE_FAMILY = "1,2";
				TEST_TARGET_NAME = MySweetMovie;
			};
			name = Debug;
		};
		A46A6579299F2D530013FE1C /* Release */ = {
			isa = XCBuildConfiguration;
			buildSettings = {
				ALWAYS_EMBED_SWIFT_STANDARD_LIBRARIES = YES;
				CODE_SIGN_STYLE = Automatic;
				CURRENT_PROJECT_VERSION = 1;
				DEVELOPMENT_TEAM = J243X8N8UC;
				GENERATE_INFOPLIST_FILE = YES;
				MARKETING_VERSION = 1.0;
				PRODUCT_BUNDLE_IDENTIFIER = com.tribq.MySweetMovieUITests;
				PRODUCT_NAME = "$(TARGET_NAME)";
				SWIFT_EMIT_LOC_STRINGS = NO;
				SWIFT_VERSION = 5.0;
				TARGETED_DEVICE_FAMILY = "1,2";
				TEST_TARGET_NAME = MySweetMovie;
			};
			name = Release;
		};
/* End XCBuildConfiguration section */

/* Begin XCConfigurationList section */
		A46A6542299F2D510013FE1C /* Build configuration list for PBXProject "MySweetMovie" */ = {
			isa = XCConfigurationList;
			buildConfigurations = (
				A46A656F299F2D530013FE1C /* Debug */,
				A46A6570299F2D530013FE1C /* Release */,
			);
			defaultConfigurationIsVisible = 0;
			defaultConfigurationName = Release;
		};
		A46A6571299F2D530013FE1C /* Build configuration list for PBXNativeTarget "MySweetMovie" */ = {
			isa = XCConfigurationList;
			buildConfigurations = (
				A46A6572299F2D530013FE1C /* Debug */,
				A46A6573299F2D530013FE1C /* Release */,
			);
			defaultConfigurationIsVisible = 0;
			defaultConfigurationName = Release;
		};
		A46A6574299F2D530013FE1C /* Build configuration list for PBXNativeTarget "MySweetMovieTests" */ = {
			isa = XCConfigurationList;
			buildConfigurations = (
				A46A6575299F2D530013FE1C /* Debug */,
				A46A6576299F2D530013FE1C /* Release */,
			);
			defaultConfigurationIsVisible = 0;
			defaultConfigurationName = Release;
		};
		A46A6577299F2D530013FE1C /* Build configuration list for PBXNativeTarget "MySweetMovieUITests" */ = {
			isa = XCConfigurationList;
			buildConfigurations = (
				A46A6578299F2D530013FE1C /* Debug */,
				A46A6579299F2D530013FE1C /* Release */,
			);
			defaultConfigurationIsVisible = 0;
			defaultConfigurationName = Release;
		};
/* End XCConfigurationList section */

/* Begin XCRemoteSwiftPackageReference section */
		A46A657A299F2E040013FE1C /* XCRemoteSwiftPackageReference "SwiftUIExtension" */ = {
			isa = XCRemoteSwiftPackageReference;
			repositoryURL = "https://github.com/mandela02/SwiftUIExtension.git";
			requirement = {
				kind = upToNextMinorVersion;
				minimumVersion = 1.0.0;
			};
		};
		A46A657D299F2E160013FE1C /* XCRemoteSwiftPackageReference "SwiftUtilities" */ = {
			isa = XCRemoteSwiftPackageReference;
			repositoryURL = "https://github.com/mandela02/SwiftUtilities.git";
			requirement = {
				kind = upToNextMinorVersion;
				minimumVersion = 1.0.0;
			};
		};
		A46A6580299F2E2C0013FE1C /* XCRemoteSwiftPackageReference "UnderlyingViewForSwiftUI" */ = {
			isa = XCRemoteSwiftPackageReference;
			repositoryURL = "https://github.com/mandela02/UnderlyingViewForSwiftUI.git";
			requirement = {
				kind = upToNextMinorVersion;
				minimumVersion = 2.1.0;
			};
		};
/* End XCRemoteSwiftPackageReference section */

/* Begin XCSwiftPackageProductDependency section */
		A46A657B299F2E040013FE1C /* SwiftUIExtension */ = {
			isa = XCSwiftPackageProductDependency;
			package = A46A657A299F2E040013FE1C /* XCRemoteSwiftPackageReference "SwiftUIExtension" */;
			productName = SwiftUIExtension;
		};
		A46A657E299F2E160013FE1C /* IosUtilities */ = {
			isa = XCSwiftPackageProductDependency;
			package = A46A657D299F2E160013FE1C /* XCRemoteSwiftPackageReference "SwiftUtilities" */;
			productName = IosUtilities;
		};
		A46A6581299F2E2C0013FE1C /* UnderlyingViewForSwiftUI */ = {
			isa = XCSwiftPackageProductDependency;
			package = A46A6580299F2E2C0013FE1C /* XCRemoteSwiftPackageReference "UnderlyingViewForSwiftUI" */;
			productName = UnderlyingViewForSwiftUI;
		};
/* End XCSwiftPackageProductDependency section */
	};
	rootObject = A46A653F299F2D510013FE1C /* Project object */;
}
