// !$*UTF8*$!
{
	archiveVersion = 1;
	classes = {
	};
	objectVersion = 56;
	objects = {

/* Begin PBXBuildFile section */
		A46A6467299F25F50013FE1C /* MySweetMovieApp.swift in Sources */ = {isa = PBXBuildFile; fileRef = A46A6466299F25F50013FE1C /* MySweetMovieApp.swift */; };
		A46A6469299F25F50013FE1C /* ContentView.swift in Sources */ = {isa = PBXBuildFile; fileRef = A46A6468299F25F50013FE1C /* ContentView.swift */; };
		A46A646B299F25F80013FE1C /* Assets.xcassets in Resources */ = {isa = PBXBuildFile; fileRef = A46A646A299F25F80013FE1C /* Assets.xcassets */; };
		A46A646E299F25F80013FE1C /* Preview Assets.xcassets in Resources */ = {isa = PBXBuildFile; fileRef = A46A646D299F25F80013FE1C /* Preview Assets.xcassets */; };
		A46A6478299F25F80013FE1C /* MySweetMovieTests.swift in Sources */ = {isa = PBXBuildFile; fileRef = A46A6477299F25F80013FE1C /* MySweetMovieTests.swift */; };
		A46A6482299F25F80013FE1C /* MySweetMovieUITests.swift in Sources */ = {isa = PBXBuildFile; fileRef = A46A6481299F25F80013FE1C /* MySweetMovieUITests.swift */; };
		A46A6484299F25F80013FE1C /* MySweetMovieUITestsLaunchTests.swift in Sources */ = {isa = PBXBuildFile; fileRef = A46A6483299F25F80013FE1C /* MySweetMovieUITestsLaunchTests.swift */; };
/* End PBXBuildFile section */

/* Begin PBXContainerItemProxy section */
		A46A6474299F25F80013FE1C /* PBXContainerItemProxy */ = {
			isa = PBXContainerItemProxy;
			containerPortal = A46A645B299F25F50013FE1C /* Project object */;
			proxyType = 1;
			remoteGlobalIDString = A46A6462299F25F50013FE1C;
			remoteInfo = MySweetMovie;
		};
		A46A647E299F25F80013FE1C /* PBXContainerItemProxy */ = {
			isa = PBXContainerItemProxy;
			containerPortal = A46A645B299F25F50013FE1C /* Project object */;
			proxyType = 1;
			remoteGlobalIDString = A46A6462299F25F50013FE1C;
			remoteInfo = MySweetMovie;
		};
/* End PBXContainerItemProxy section */

/* Begin PBXFileReference section */
		A46A6463299F25F50013FE1C /* MySweetMovie.app */ = {isa = PBXFileReference; explicitFileType = wrapper.application; includeInIndex = 0; path = MySweetMovie.app; sourceTree = BUILT_PRODUCTS_DIR; };
		A46A6466299F25F50013FE1C /* MySweetMovieApp.swift */ = {isa = PBXFileReference; lastKnownFileType = sourcecode.swift; path = MySweetMovieApp.swift; sourceTree = "<group>"; };
		A46A6468299F25F50013FE1C /* ContentView.swift */ = {isa = PBXFileReference; lastKnownFileType = sourcecode.swift; path = ContentView.swift; sourceTree = "<group>"; };
		A46A646A299F25F80013FE1C /* Assets.xcassets */ = {isa = PBXFileReference; lastKnownFileType = folder.assetcatalog; path = Assets.xcassets; sourceTree = "<group>"; };
		A46A646D299F25F80013FE1C /* Preview Assets.xcassets */ = {isa = PBXFileReference; lastKnownFileType = folder.assetcatalog; path = "Preview Assets.xcassets"; sourceTree = "<group>"; };
		A46A6473299F25F80013FE1C /* MySweetMovieTests.xctest */ = {isa = PBXFileReference; explicitFileType = wrapper.cfbundle; includeInIndex = 0; path = MySweetMovieTests.xctest; sourceTree = BUILT_PRODUCTS_DIR; };
		A46A6477299F25F80013FE1C /* MySweetMovieTests.swift */ = {isa = PBXFileReference; lastKnownFileType = sourcecode.swift; path = MySweetMovieTests.swift; sourceTree = "<group>"; };
		A46A647D299F25F80013FE1C /* MySweetMovieUITests.xctest */ = {isa = PBXFileReference; explicitFileType = wrapper.cfbundle; includeInIndex = 0; path = MySweetMovieUITests.xctest; sourceTree = BUILT_PRODUCTS_DIR; };
		A46A6481299F25F80013FE1C /* MySweetMovieUITests.swift */ = {isa = PBXFileReference; lastKnownFileType = sourcecode.swift; path = MySweetMovieUITests.swift; sourceTree = "<group>"; };
		A46A6483299F25F80013FE1C /* MySweetMovieUITestsLaunchTests.swift */ = {isa = PBXFileReference; lastKnownFileType = sourcecode.swift; path = MySweetMovieUITestsLaunchTests.swift; sourceTree = "<group>"; };
/* End PBXFileReference section */

/* Begin PBXFrameworksBuildPhase section */
		A46A6460299F25F50013FE1C /* Frameworks */ = {
			isa = PBXFrameworksBuildPhase;
			buildActionMask = 2147483647;
			files = (
			);
			runOnlyForDeploymentPostprocessing = 0;
		};
		A46A6470299F25F80013FE1C /* Frameworks */ = {
			isa = PBXFrameworksBuildPhase;
			buildActionMask = 2147483647;
			files = (
			);
			runOnlyForDeploymentPostprocessing = 0;
		};
		A46A647A299F25F80013FE1C /* Frameworks */ = {
			isa = PBXFrameworksBuildPhase;
			buildActionMask = 2147483647;
			files = (
			);
			runOnlyForDeploymentPostprocessing = 0;
		};
/* End PBXFrameworksBuildPhase section */

/* Begin PBXGroup section */
		A46A645A299F25F50013FE1C = {
			isa = PBXGroup;
			children = (
				A46A6465299F25F50013FE1C /* MySweetMovie */,
				A46A6476299F25F80013FE1C /* MySweetMovieTests */,
				A46A6480299F25F80013FE1C /* MySweetMovieUITests */,
				A46A6464299F25F50013FE1C /* Products */,
			);
			sourceTree = "<group>";
		};
		A46A6464299F25F50013FE1C /* Products */ = {
			isa = PBXGroup;
			children = (
				A46A6463299F25F50013FE1C /* MySweetMovie.app */,
				A46A6473299F25F80013FE1C /* MySweetMovieTests.xctest */,
				A46A647D299F25F80013FE1C /* MySweetMovieUITests.xctest */,
			);
			name = Products;
			sourceTree = "<group>";
		};
		A46A6465299F25F50013FE1C /* MySweetMovie */ = {
			isa = PBXGroup;
			children = (
				A46A6466299F25F50013FE1C /* MySweetMovieApp.swift */,
				A46A6468299F25F50013FE1C /* ContentView.swift */,
				A46A646A299F25F80013FE1C /* Assets.xcassets */,
				A46A646C299F25F80013FE1C /* Preview Content */,
			);
			path = MySweetMovie;
			sourceTree = "<group>";
		};
		A46A646C299F25F80013FE1C /* Preview Content */ = {
			isa = PBXGroup;
			children = (
				A46A646D299F25F80013FE1C /* Preview Assets.xcassets */,
			);
			path = "Preview Content";
			sourceTree = "<group>";
		};
		A46A6476299F25F80013FE1C /* MySweetMovieTests */ = {
			isa = PBXGroup;
			children = (
				A46A6477299F25F80013FE1C /* MySweetMovieTests.swift */,
			);
			path = MySweetMovieTests;
			sourceTree = "<group>";
		};
		A46A6480299F25F80013FE1C /* MySweetMovieUITests */ = {
			isa = PBXGroup;
			children = (
				A46A6481299F25F80013FE1C /* MySweetMovieUITests.swift */,
				A46A6483299F25F80013FE1C /* MySweetMovieUITestsLaunchTests.swift */,
			);
			path = MySweetMovieUITests;
			sourceTree = "<group>";
		};
/* End PBXGroup section */

/* Begin PBXNativeTarget section */
		A46A6462299F25F50013FE1C /* MySweetMovie */ = {
			isa = PBXNativeTarget;
			buildConfigurationList = A46A6487299F25F80013FE1C /* Build configuration list for PBXNativeTarget "MySweetMovie" */;
			buildPhases = (
				A46A645F299F25F50013FE1C /* Sources */,
				A46A6460299F25F50013FE1C /* Frameworks */,
				A46A6461299F25F50013FE1C /* Resources */,
			);
			buildRules = (
			);
			dependencies = (
			);
			name = MySweetMovie;
			productName = MySweetMovie;
			productReference = A46A6463299F25F50013FE1C /* MySweetMovie.app */;
			productType = "com.apple.product-type.application";
		};
		A46A6472299F25F80013FE1C /* MySweetMovieTests */ = {
			isa = PBXNativeTarget;
			buildConfigurationList = A46A648A299F25F80013FE1C /* Build configuration list for PBXNativeTarget "MySweetMovieTests" */;
			buildPhases = (
				A46A646F299F25F80013FE1C /* Sources */,
				A46A6470299F25F80013FE1C /* Frameworks */,
				A46A6471299F25F80013FE1C /* Resources */,
			);
			buildRules = (
			);
			dependencies = (
				A46A6475299F25F80013FE1C /* PBXTargetDependency */,
			);
			name = MySweetMovieTests;
			productName = MySweetMovieTests;
			productReference = A46A6473299F25F80013FE1C /* MySweetMovieTests.xctest */;
			productType = "com.apple.product-type.bundle.unit-test";
		};
		A46A647C299F25F80013FE1C /* MySweetMovieUITests */ = {
			isa = PBXNativeTarget;
			buildConfigurationList = A46A648D299F25F80013FE1C /* Build configuration list for PBXNativeTarget "MySweetMovieUITests" */;
			buildPhases = (
				A46A6479299F25F80013FE1C /* Sources */,
				A46A647A299F25F80013FE1C /* Frameworks */,
				A46A647B299F25F80013FE1C /* Resources */,
			);
			buildRules = (
			);
			dependencies = (
				A46A647F299F25F80013FE1C /* PBXTargetDependency */,
			);
			name = MySweetMovieUITests;
			productName = MySweetMovieUITests;
			productReference = A46A647D299F25F80013FE1C /* MySweetMovieUITests.xctest */;
			productType = "com.apple.product-type.bundle.ui-testing";
		};
/* End PBXNativeTarget section */

/* Begin PBXProject section */
		A46A645B299F25F50013FE1C /* Project object */ = {
			isa = PBXProject;
			attributes = {
				BuildIndependentTargetsInParallel = 1;
				LastSwiftUpdateCheck = 1400;
				LastUpgradeCheck = 1400;
				TargetAttributes = {
					A46A6462299F25F50013FE1C = {
						CreatedOnToolsVersion = 14.0;
					};
					A46A6472299F25F80013FE1C = {
						CreatedOnToolsVersion = 14.0;
						TestTargetID = A46A6462299F25F50013FE1C;
					};
					A46A647C299F25F80013FE1C = {
						CreatedOnToolsVersion = 14.0;
						TestTargetID = A46A6462299F25F50013FE1C;
					};
				};
			};
			buildConfigurationList = A46A645E299F25F50013FE1C /* Build configuration list for PBXProject "MySweetMovie" */;
			compatibilityVersion = "Xcode 14.0";
			developmentRegion = en;
			hasScannedForEncodings = 0;
			knownRegions = (
				en,
				Base,
			);
			mainGroup = A46A645A299F25F50013FE1C;
			productRefGroup = A46A6464299F25F50013FE1C /* Products */;
			projectDirPath = "";
			projectRoot = "";
			targets = (
				A46A6462299F25F50013FE1C /* MySweetMovie */,
				A46A6472299F25F80013FE1C /* MySweetMovieTests */,
				A46A647C299F25F80013FE1C /* MySweetMovieUITests */,
			);
		};
/* End PBXProject section */

/* Begin PBXResourcesBuildPhase section */
		A46A6461299F25F50013FE1C /* Resources */ = {
			isa = PBXResourcesBuildPhase;
			buildActionMask = 2147483647;
			files = (
				A46A646E299F25F80013FE1C /* Preview Assets.xcassets in Resources */,
				A46A646B299F25F80013FE1C /* Assets.xcassets in Resources */,
			);
			runOnlyForDeploymentPostprocessing = 0;
		};
		A46A6471299F25F80013FE1C /* Resources */ = {
			isa = PBXResourcesBuildPhase;
			buildActionMask = 2147483647;
			files = (
			);
			runOnlyForDeploymentPostprocessing = 0;
		};
		A46A647B299F25F80013FE1C /* Resources */ = {
			isa = PBXResourcesBuildPhase;
			buildActionMask = 2147483647;
			files = (
			);
			runOnlyForDeploymentPostprocessing = 0;
		};
/* End PBXResourcesBuildPhase section */

/* Begin PBXSourcesBuildPhase section */
		A46A645F299F25F50013FE1C /* Sources */ = {
			isa = PBXSourcesBuildPhase;
			buildActionMask = 2147483647;
			files = (
				A46A6469299F25F50013FE1C /* ContentView.swift in Sources */,
				A46A6467299F25F50013FE1C /* MySweetMovieApp.swift in Sources */,
			);
			runOnlyForDeploymentPostprocessing = 0;
		};
		A46A646F299F25F80013FE1C /* Sources */ = {
			isa = PBXSourcesBuildPhase;
			buildActionMask = 2147483647;
			files = (
				A46A6478299F25F80013FE1C /* MySweetMovieTests.swift in Sources */,
			);
			runOnlyForDeploymentPostprocessing = 0;
		};
		A46A6479299F25F80013FE1C /* Sources */ = {
			isa = PBXSourcesBuildPhase;
			buildActionMask = 2147483647;
			files = (
				A46A6484299F25F80013FE1C /* MySweetMovieUITestsLaunchTests.swift in Sources */,
				A46A6482299F25F80013FE1C /* MySweetMovieUITests.swift in Sources */,
			);
			runOnlyForDeploymentPostprocessing = 0;
		};
/* End PBXSourcesBuildPhase section */

/* Begin PBXTargetDependency section */
		A46A6475299F25F80013FE1C /* PBXTargetDependency */ = {
			isa = PBXTargetDependency;
			target = A46A6462299F25F50013FE1C /* MySweetMovie */;
			targetProxy = A46A6474299F25F80013FE1C /* PBXContainerItemProxy */;
		};
		A46A647F299F25F80013FE1C /* PBXTargetDependency */ = {
			isa = PBXTargetDependency;
			target = A46A6462299F25F50013FE1C /* MySweetMovie */;
			targetProxy = A46A647E299F25F80013FE1C /* PBXContainerItemProxy */;
		};
/* End PBXTargetDependency section */

/* Begin XCBuildConfiguration section */
		A46A6485299F25F80013FE1C /* Debug */ = {
			isa = XCBuildConfiguration;
			buildSettings = {
				ALWAYS_SEARCH_USER_PATHS = NO;
				CLANG_ANALYZER_NONNULL = YES;
				CLANG_ANALYZER_NUMBER_OBJECT_CONVERSION = YES_AGGRESSIVE;
				CLANG_CXX_LANGUAGE_STANDARD = "gnu++20";
				CLANG_ENABLE_MODULES = YES;
				CLANG_ENABLE_OBJC_ARC = YES;
				CLANG_ENABLE_OBJC_WEAK = YES;
				CLANG_WARN_BLOCK_CAPTURE_AUTORELEASING = YES;
				CLANG_WARN_BOOL_CONVERSION = YES;
				CLANG_WARN_COMMA = YES;
				CLANG_WARN_CONSTANT_CONVERSION = YES;
				CLANG_WARN_DEPRECATED_OBJC_IMPLEMENTATIONS = YES;
				CLANG_WARN_DIRECT_OBJC_ISA_USAGE = YES_ERROR;
				CLANG_WARN_DOCUMENTATION_COMMENTS = YES;
				CLANG_WARN_EMPTY_BODY = YES;
				CLANG_WARN_ENUM_CONVERSION = YES;
				CLANG_WARN_INFINITE_RECURSION = YES;
				CLANG_WARN_INT_CONVERSION = YES;
				CLANG_WARN_NON_LITERAL_NULL_CONVERSION = YES;
				CLANG_WARN_OBJC_IMPLICIT_RETAIN_SELF = YES;
				CLANG_WARN_OBJC_LITERAL_CONVERSION = YES;
				CLANG_WARN_OBJC_ROOT_CLASS = YES_ERROR;
				CLANG_WARN_QUOTED_INCLUDE_IN_FRAMEWORK_HEADER = YES;
				CLANG_WARN_RANGE_LOOP_ANALYSIS = YES;
				CLANG_WARN_STRICT_PROTOTYPES = YES;
				CLANG_WARN_SUSPICIOUS_MOVE = YES;
				CLANG_WARN_UNGUARDED_AVAILABILITY = YES_AGGRESSIVE;
				CLANG_WARN_UNREACHABLE_CODE = YES;
				CLANG_WARN__DUPLICATE_METHOD_MATCH = YES;
				COPY_PHASE_STRIP = NO;
				DEBUG_INFORMATION_FORMAT = dwarf;
				ENABLE_STRICT_OBJC_MSGSEND = YES;
				ENABLE_TESTABILITY = YES;
				GCC_C_LANGUAGE_STANDARD = gnu11;
				GCC_DYNAMIC_NO_PIC = NO;
				GCC_NO_COMMON_BLOCKS = YES;
				GCC_OPTIMIZATION_LEVEL = 0;
				GCC_PREPROCESSOR_DEFINITIONS = (
					"DEBUG=1",
					"$(inherited)",
				);
				GCC_WARN_64_TO_32_BIT_CONVERSION = YES;
				GCC_WARN_ABOUT_RETURN_TYPE = YES_ERROR;
				GCC_WARN_UNDECLARED_SELECTOR = YES;
				GCC_WARN_UNINITIALIZED_AUTOS = YES_AGGRESSIVE;
				GCC_WARN_UNUSED_FUNCTION = YES;
				GCC_WARN_UNUSED_VARIABLE = YES;
				IPHONEOS_DEPLOYMENT_TARGET = 16.0;
				MTL_ENABLE_DEBUG_INFO = INCLUDE_SOURCE;
				MTL_FAST_MATH = YES;
				ONLY_ACTIVE_ARCH = YES;
				SDKROOT = iphoneos;
				SWIFT_ACTIVE_COMPILATION_CONDITIONS = DEBUG;
				SWIFT_OPTIMIZATION_LEVEL = "-Onone";
			};
			name = Debug;
		};
		A46A6486299F25F80013FE1C /* Release */ = {
			isa = XCBuildConfiguration;
			buildSettings = {
				ALWAYS_SEARCH_USER_PATHS = NO;
				CLANG_ANALYZER_NONNULL = YES;
				CLANG_ANALYZER_NUMBER_OBJECT_CONVERSION = YES_AGGRESSIVE;
				CLANG_CXX_LANGUAGE_STANDARD = "gnu++20";
				CLANG_ENABLE_MODULES = YES;
				CLANG_ENABLE_OBJC_ARC = YES;
				CLANG_ENABLE_OBJC_WEAK = YES;
				CLANG_WARN_BLOCK_CAPTURE_AUTORELEASING = YES;
				CLANG_WARN_BOOL_CONVERSION = YES;
				CLANG_WARN_COMMA = YES;
				CLANG_WARN_CONSTANT_CONVERSION = YES;
				CLANG_WARN_DEPRECATED_OBJC_IMPLEMENTATIONS = YES;
				CLANG_WARN_DIRECT_OBJC_ISA_USAGE = YES_ERROR;
				CLANG_WARN_DOCUMENTATION_COMMENTS = YES;
				CLANG_WARN_EMPTY_BODY = YES;
				CLANG_WARN_ENUM_CONVERSION = YES;
				CLANG_WARN_INFINITE_RECURSION = YES;
				CLANG_WARN_INT_CONVERSION = YES;
				CLANG_WARN_NON_LITERAL_NULL_CONVERSION = YES;
				CLANG_WARN_OBJC_IMPLICIT_RETAIN_SELF = YES;
				CLANG_WARN_OBJC_LITERAL_CONVERSION = YES;
				CLANG_WARN_OBJC_ROOT_CLASS = YES_ERROR;
				CLANG_WARN_QUOTED_INCLUDE_IN_FRAMEWORK_HEADER = YES;
				CLANG_WARN_RANGE_LOOP_ANALYSIS = YES;
				CLANG_WARN_STRICT_PROTOTYPES = YES;
				CLANG_WARN_SUSPICIOUS_MOVE = YES;
				CLANG_WARN_UNGUARDED_AVAILABILITY = YES_AGGRESSIVE;
				CLANG_WARN_UNREACHABLE_CODE = YES;
				CLANG_WARN__DUPLICATE_METHOD_MATCH = YES;
				COPY_PHASE_STRIP = NO;
				DEBUG_INFORMATION_FORMAT = "dwarf-with-dsym";
				ENABLE_NS_ASSERTIONS = NO;
				ENABLE_STRICT_OBJC_MSGSEND = YES;
				GCC_C_LANGUAGE_STANDARD = gnu11;
				GCC_NO_COMMON_BLOCKS = YES;
				GCC_WARN_64_TO_32_BIT_CONVERSION = YES;
				GCC_WARN_ABOUT_RETURN_TYPE = YES_ERROR;
				GCC_WARN_UNDECLARED_SELECTOR = YES;
				GCC_WARN_UNINITIALIZED_AUTOS = YES_AGGRESSIVE;
				GCC_WARN_UNUSED_FUNCTION = YES;
				GCC_WARN_UNUSED_VARIABLE = YES;
				IPHONEOS_DEPLOYMENT_TARGET = 16.0;
				MTL_ENABLE_DEBUG_INFO = NO;
				MTL_FAST_MATH = YES;
				SDKROOT = iphoneos;
				SWIFT_COMPILATION_MODE = wholemodule;
				SWIFT_OPTIMIZATION_LEVEL = "-O";
				VALIDATE_PRODUCT = YES;
			};
			name = Release;
		};
		A46A6488299F25F80013FE1C /* Debug */ = {
			isa = XCBuildConfiguration;
			buildSettings = {
				ASSETCATALOG_COMPILER_APPICON_NAME = AppIcon;
				ASSETCATALOG_COMPILER_GLOBAL_ACCENT_COLOR_NAME = AccentColor;
				CODE_SIGN_STYLE = Automatic;
				CURRENT_PROJECT_VERSION = 1;
				DEVELOPMENT_ASSET_PATHS = "\"MySweetMovie/Preview Content\"";
				DEVELOPMENT_TEAM = J243X8N8UC;
				ENABLE_PREVIEWS = YES;
				GENERATE_INFOPLIST_FILE = YES;
				INFOPLIST_KEY_UIApplicationSceneManifest_Generation = YES;
				INFOPLIST_KEY_UIApplicationSupportsIndirectInputEvents = YES;
				INFOPLIST_KEY_UILaunchScreen_Generation = YES;
				INFOPLIST_KEY_UISupportedInterfaceOrientations_iPad = "UIInterfaceOrientationPortrait UIInterfaceOrientationPortraitUpsideDown UIInterfaceOrientationLandscapeLeft UIInterfaceOrientationLandscapeRight";
				INFOPLIST_KEY_UISupportedInterfaceOrientations_iPhone = "UIInterfaceOrientationPortrait UIInterfaceOrientationLandscapeLeft UIInterfaceOrientationLandscapeRight";
				LD_RUNPATH_SEARCH_PATHS = (
					"$(inherited)",
					"@executable_path/Frameworks",
				);
				MARKETING_VERSION = 1.0;
				PRODUCT_BUNDLE_IDENTIFIER = com.tribq.MySweetMovie;
				PRODUCT_NAME = "$(TARGET_NAME)";
				SWIFT_EMIT_LOC_STRINGS = YES;
				SWIFT_VERSION = 5.0;
				TARGETED_DEVICE_FAMILY = "1,2";
			};
			name = Debug;
		};
		A46A6489299F25F80013FE1C /* Release */ = {
			isa = XCBuildConfiguration;
			buildSettings = {
				ASSETCATALOG_COMPILER_APPICON_NAME = AppIcon;
				ASSETCATALOG_COMPILER_GLOBAL_ACCENT_COLOR_NAME = AccentColor;
				CODE_SIGN_STYLE = Automatic;
				CURRENT_PROJECT_VERSION = 1;
				DEVELOPMENT_ASSET_PATHS = "\"MySweetMovie/Preview Content\"";
				DEVELOPMENT_TEAM = J243X8N8UC;
				ENABLE_PREVIEWS = YES;
				GENERATE_INFOPLIST_FILE = YES;
				INFOPLIST_KEY_UIApplicationSceneManifest_Generation = YES;
				INFOPLIST_KEY_UIApplicationSupportsIndirectInputEvents = YES;
				INFOPLIST_KEY_UILaunchScreen_Generation = YES;
				INFOPLIST_KEY_UISupportedInterfaceOrientations_iPad = "UIInterfaceOrientationPortrait UIInterfaceOrientationPortraitUpsideDown UIInterfaceOrientationLandscapeLeft UIInterfaceOrientationLandscapeRight";
				INFOPLIST_KEY_UISupportedInterfaceOrientations_iPhone = "UIInterfaceOrientationPortrait UIInterfaceOrientationLandscapeLeft UIInterfaceOrientationLandscapeRight";
				LD_RUNPATH_SEARCH_PATHS = (
					"$(inherited)",
					"@executable_path/Frameworks",
				);
				MARKETING_VERSION = 1.0;
				PRODUCT_BUNDLE_IDENTIFIER = com.tribq.MySweetMovie;
				PRODUCT_NAME = "$(TARGET_NAME)";
				SWIFT_EMIT_LOC_STRINGS = YES;
				SWIFT_VERSION = 5.0;
				TARGETED_DEVICE_FAMILY = "1,2";
			};
			name = Release;
		};
		A46A648B299F25F80013FE1C /* Debug */ = {
			isa = XCBuildConfiguration;
			buildSettings = {
				ALWAYS_EMBED_SWIFT_STANDARD_LIBRARIES = YES;
				BUNDLE_LOADER = "$(TEST_HOST)";
				CODE_SIGN_STYLE = Automatic;
				CURRENT_PROJECT_VERSION = 1;
				DEVELOPMENT_TEAM = J243X8N8UC;
				GENERATE_INFOPLIST_FILE = YES;
				IPHONEOS_DEPLOYMENT_TARGET = 16.0;
				MARKETING_VERSION = 1.0;
				PRODUCT_BUNDLE_IDENTIFIER = com.tribq.MySweetMovieTests;
				PRODUCT_NAME = "$(TARGET_NAME)";
				SWIFT_EMIT_LOC_STRINGS = NO;
				SWIFT_VERSION = 5.0;
				TARGETED_DEVICE_FAMILY = "1,2";
				TEST_HOST = "$(BUILT_PRODUCTS_DIR)/MySweetMovie.app/$(BUNDLE_EXECUTABLE_FOLDER_PATH)/MySweetMovie";
			};
			name = Debug;
		};
		A46A648C299F25F80013FE1C /* Release */ = {
			isa = XCBuildConfiguration;
			buildSettings = {
				ALWAYS_EMBED_SWIFT_STANDARD_LIBRARIES = YES;
				BUNDLE_LOADER = "$(TEST_HOST)";
				CODE_SIGN_STYLE = Automatic;
				CURRENT_PROJECT_VERSION = 1;
				DEVELOPMENT_TEAM = J243X8N8UC;
				GENERATE_INFOPLIST_FILE = YES;
				IPHONEOS_DEPLOYMENT_TARGET = 16.0;
				MARKETING_VERSION = 1.0;
				PRODUCT_BUNDLE_IDENTIFIER = com.tribq.MySweetMovieTests;
				PRODUCT_NAME = "$(TARGET_NAME)";
				SWIFT_EMIT_LOC_STRINGS = NO;
				SWIFT_VERSION = 5.0;
				TARGETED_DEVICE_FAMILY = "1,2";
				TEST_HOST = "$(BUILT_PRODUCTS_DIR)/MySweetMovie.app/$(BUNDLE_EXECUTABLE_FOLDER_PATH)/MySweetMovie";
			};
			name = Release;
		};
		A46A648E299F25F80013FE1C /* Debug */ = {
			isa = XCBuildConfiguration;
			buildSettings = {
				ALWAYS_EMBED_SWIFT_STANDARD_LIBRARIES = YES;
				CODE_SIGN_STYLE = Automatic;
				CURRENT_PROJECT_VERSION = 1;
				DEVELOPMENT_TEAM = J243X8N8UC;
				GENERATE_INFOPLIST_FILE = YES;
				MARKETING_VERSION = 1.0;
				PRODUCT_BUNDLE_IDENTIFIER = com.tribq.MySweetMovieUITests;
				PRODUCT_NAME = "$(TARGET_NAME)";
				SWIFT_EMIT_LOC_STRINGS = NO;
				SWIFT_VERSION = 5.0;
				TARGETED_DEVICE_FAMILY = "1,2";
				TEST_TARGET_NAME = MySweetMovie;
			};
			name = Debug;
		};
		A46A648F299F25F80013FE1C /* Release */ = {
			isa = XCBuildConfiguration;
			buildSettings = {
				ALWAYS_EMBED_SWIFT_STANDARD_LIBRARIES = YES;
				CODE_SIGN_STYLE = Automatic;
				CURRENT_PROJECT_VERSION = 1;
				DEVELOPMENT_TEAM = J243X8N8UC;
				GENERATE_INFOPLIST_FILE = YES;
				MARKETING_VERSION = 1.0;
				PRODUCT_BUNDLE_IDENTIFIER = com.tribq.MySweetMovieUITests;
				PRODUCT_NAME = "$(TARGET_NAME)";
				SWIFT_EMIT_LOC_STRINGS = NO;
				SWIFT_VERSION = 5.0;
				TARGETED_DEVICE_FAMILY = "1,2";
				TEST_TARGET_NAME = MySweetMovie;
			};
			name = Release;
		};
/* End XCBuildConfiguration section */

/* Begin XCConfigurationList section */
		A46A645E299F25F50013FE1C /* Build configuration list for PBXProject "MySweetMovie" */ = {
			isa = XCConfigurationList;
			buildConfigurations = (
				A46A6485299F25F80013FE1C /* Debug */,
				A46A6486299F25F80013FE1C /* Release */,
			);
			defaultConfigurationIsVisible = 0;
			defaultConfigurationName = Release;
		};
		A46A6487299F25F80013FE1C /* Build configuration list for PBXNativeTarget "MySweetMovie" */ = {
			isa = XCConfigurationList;
			buildConfigurations = (
				A46A6488299F25F80013FE1C /* Debug */,
				A46A6489299F25F80013FE1C /* Release */,
			);
			defaultConfigurationIsVisible = 0;
			defaultConfigurationName = Release;
		};
		A46A648A299F25F80013FE1C /* Build configuration list for PBXNativeTarget "MySweetMovieTests" */ = {
			isa = XCConfigurationList;
			buildConfigurations = (
				A46A648B299F25F80013FE1C /* Debug */,
				A46A648C299F25F80013FE1C /* Release */,
			);
			defaultConfigurationIsVisible = 0;
			defaultConfigurationName = Release;
		};
		A46A648D299F25F80013FE1C /* Build configuration list for PBXNativeTarget "MySweetMovieUITests" */ = {
			isa = XCConfigurationList;
			buildConfigurations = (
				A46A648E299F25F80013FE1C /* Debug */,
				A46A648F299F25F80013FE1C /* Release */,
			);
			defaultConfigurationIsVisible = 0;
			defaultConfigurationName = Release;
		};
/* End XCConfigurationList section */
	};
	rootObject = A46A645B299F25F50013FE1C /* Project object */;
}
